// !$*UTF8*$!
{
	archiveVersion = 1;
	classes = {
	};
	objectVersion = 46;
	objects = {

/* Begin PBXBuildFile section */
		3C641802197A336F0066A389 /* Foundation.framework in Frameworks */ = {isa = PBXBuildFile; fileRef = 3C641801197A336F0066A389 /* Foundation.framework */; };
		3C641804197A336F0066A389 /* CoreGraphics.framework in Frameworks */ = {isa = PBXBuildFile; fileRef = 3C641803197A336F0066A389 /* CoreGraphics.framework */; };
		3C641806197A336F0066A389 /* UIKit.framework in Frameworks */ = {isa = PBXBuildFile; fileRef = 3C641805197A336F0066A389 /* UIKit.framework */; };
		3C64180C197A336F0066A389 /* InfoPlist.strings in Resources */ = {isa = PBXBuildFile; fileRef = 3C64180A197A336F0066A389 /* InfoPlist.strings */; };
		3C64180E197A336F0066A389 /* main.m in Sources */ = {isa = PBXBuildFile; fileRef = 3C64180D197A336F0066A389 /* main.m */; };
		3C641812197A336F0066A389 /* RBAppDelegate.m in Sources */ = {isa = PBXBuildFile; fileRef = 3C641811197A336F0066A389 /* RBAppDelegate.m */; };
		3C641814197A336F0066A389 /* Images.xcassets in Resources */ = {isa = PBXBuildFile; fileRef = 3C641813197A336F0066A389 /* Images.xcassets */; };
		3C64181B197A336F0066A389 /* XCTest.framework in Frameworks */ = {isa = PBXBuildFile; fileRef = 3C64181A197A336F0066A389 /* XCTest.framework */; };
		3C64181C197A336F0066A389 /* Foundation.framework in Frameworks */ = {isa = PBXBuildFile; fileRef = 3C641801197A336F0066A389 /* Foundation.framework */; };
		3C64181D197A336F0066A389 /* UIKit.framework in Frameworks */ = {isa = PBXBuildFile; fileRef = 3C641805197A336F0066A389 /* UIKit.framework */; };
		3C641825197A336F0066A389 /* InfoPlist.strings in Resources */ = {isa = PBXBuildFile; fileRef = 3C641823197A336F0066A389 /* InfoPlist.strings */; };
		3C641827197A336F0066A389 /* bioRhythmTests.m in Sources */ = {isa = PBXBuildFile; fileRef = 3C641826197A336F0066A389 /* bioRhythmTests.m */; };
		3C641831197A34E90066A389 /* main.storyboard in Resources */ = {isa = PBXBuildFile; fileRef = 3C641830197A34E90066A389 /* main.storyboard */; };
		3C641834197A376A0066A389 /* RBLoginViewController.m in Sources */ = {isa = PBXBuildFile; fileRef = 3C641833197A376A0066A389 /* RBLoginViewController.m */; };
/* End PBXBuildFile section */

/* Begin PBXContainerItemProxy section */
		3C64181E197A336F0066A389 /* PBXContainerItemProxy */ = {
			isa = PBXContainerItemProxy;
			containerPortal = 3C6417F6197A336F0066A389 /* Project object */;
			proxyType = 1;
			remoteGlobalIDString = 3C6417FD197A336F0066A389;
			remoteInfo = bioRhythm;
		};
/* End PBXContainerItemProxy section */

/* Begin PBXFileReference section */
		3C6417FE197A336F0066A389 /* bioRhythm.app */ = {isa = PBXFileReference; explicitFileType = wrapper.application; includeInIndex = 0; path = bioRhythm.app; sourceTree = BUILT_PRODUCTS_DIR; };
		3C641801197A336F0066A389 /* Foundation.framework */ = {isa = PBXFileReference; lastKnownFileType = wrapper.framework; name = Foundation.framework; path = System/Library/Frameworks/Foundation.framework; sourceTree = SDKROOT; };
		3C641803197A336F0066A389 /* CoreGraphics.framework */ = {isa = PBXFileReference; lastKnownFileType = wrapper.framework; name = CoreGraphics.framework; path = System/Library/Frameworks/CoreGraphics.framework; sourceTree = SDKROOT; };
		3C641805197A336F0066A389 /* UIKit.framework */ = {isa = PBXFileReference; lastKnownFileType = wrapper.framework; name = UIKit.framework; path = System/Library/Frameworks/UIKit.framework; sourceTree = SDKROOT; };
		3C641809197A336F0066A389 /* bioRhythm-Info.plist */ = {isa = PBXFileReference; lastKnownFileType = text.plist.xml; path = "bioRhythm-Info.plist"; sourceTree = "<group>"; };
		3C64180B197A336F0066A389 /* en */ = {isa = PBXFileReference; lastKnownFileType = text.plist.strings; name = en; path = en.lproj/InfoPlist.strings; sourceTree = "<group>"; };
		3C64180D197A336F0066A389 /* main.m */ = {isa = PBXFileReference; lastKnownFileType = sourcecode.c.objc; path = main.m; sourceTree = "<group>"; };
		3C64180F197A336F0066A389 /* bioRhythm-Prefix.pch */ = {isa = PBXFileReference; lastKnownFileType = sourcecode.c.h; path = "bioRhythm-Prefix.pch"; sourceTree = "<group>"; };
		3C641810197A336F0066A389 /* RBAppDelegate.h */ = {isa = PBXFileReference; lastKnownFileType = sourcecode.c.h; path = RBAppDelegate.h; sourceTree = "<group>"; };
		3C641811197A336F0066A389 /* RBAppDelegate.m */ = {isa = PBXFileReference; lastKnownFileType = sourcecode.c.objc; path = RBAppDelegate.m; sourceTree = "<group>"; };
		3C641813197A336F0066A389 /* Images.xcassets */ = {isa = PBXFileReference; lastKnownFileType = folder.assetcatalog; path = Images.xcassets; sourceTree = "<group>"; };
		3C641819197A336F0066A389 /* bioRhythmTests.xctest */ = {isa = PBXFileReference; explicitFileType = wrapper.cfbundle; includeInIndex = 0; path = bioRhythmTests.xctest; sourceTree = BUILT_PRODUCTS_DIR; };
		3C64181A197A336F0066A389 /* XCTest.framework */ = {isa = PBXFileReference; lastKnownFileType = wrapper.framework; name = XCTest.framework; path = Library/Frameworks/XCTest.framework; sourceTree = DEVELOPER_DIR; };
		3C641822197A336F0066A389 /* bioRhythmTests-Info.plist */ = {isa = PBXFileReference; lastKnownFileType = text.plist.xml; path = "bioRhythmTests-Info.plist"; sourceTree = "<group>"; };
		3C641824197A336F0066A389 /* en */ = {isa = PBXFileReference; lastKnownFileType = text.plist.strings; name = en; path = en.lproj/InfoPlist.strings; sourceTree = "<group>"; };
		3C641826197A336F0066A389 /* bioRhythmTests.m */ = {isa = PBXFileReference; lastKnownFileType = sourcecode.c.objc; path = bioRhythmTests.m; sourceTree = "<group>"; };
		3C641830197A34E90066A389 /* main.storyboard */ = {isa = PBXFileReference; fileEncoding = 4; lastKnownFileType = file.storyboard; name = main.storyboard; path = ../main.storyboard; sourceTree = "<group>"; };
		3C641832197A376A0066A389 /* RBLoginViewController.h */ = {isa = PBXFileReference; fileEncoding = 4; lastKnownFileType = sourcecode.c.h; path = RBLoginViewController.h; sourceTree = "<group>"; };
		3C641833197A376A0066A389 /* RBLoginViewController.m */ = {isa = PBXFileReference; fileEncoding = 4; lastKnownFileType = sourcecode.c.objc; path = RBLoginViewController.m; sourceTree = "<group>"; };
/* End PBXFileReference section */

/* Begin PBXFrameworksBuildPhase section */
		3C6417FB197A336F0066A389 /* Frameworks */ = {
			isa = PBXFrameworksBuildPhase;
			buildActionMask = 2147483647;
			files = (
				3C641804197A336F0066A389 /* CoreGraphics.framework in Frameworks */,
				3C641806197A336F0066A389 /* UIKit.framework in Frameworks */,
				3C641802197A336F0066A389 /* Foundation.framework in Frameworks */,
			);
			runOnlyForDeploymentPostprocessing = 0;
		};
		3C641816197A336F0066A389 /* Frameworks */ = {
			isa = PBXFrameworksBuildPhase;
			buildActionMask = 2147483647;
			files = (
				3C64181B197A336F0066A389 /* XCTest.framework in Frameworks */,
				3C64181D197A336F0066A389 /* UIKit.framework in Frameworks */,
				3C64181C197A336F0066A389 /* Foundation.framework in Frameworks */,
			);
			runOnlyForDeploymentPostprocessing = 0;
		};
/* End PBXFrameworksBuildPhase section */

/* Begin PBXGroup section */
		3C6417F5197A336F0066A389 = {
			isa = PBXGroup;
			children = (
				3C641807197A336F0066A389 /* bioRhythm */,
				3C641820197A336F0066A389 /* bioRhythmTests */,
				3C641800197A336F0066A389 /* Frameworks */,
				3C6417FF197A336F0066A389 /* Products */,
			);
			sourceTree = "<group>";
		};
		3C6417FF197A336F0066A389 /* Products */ = {
			isa = PBXGroup;
			children = (
				3C6417FE197A336F0066A389 /* bioRhythm.app */,
				3C641819197A336F0066A389 /* bioRhythmTests.xctest */,
			);
			name = Products;
			sourceTree = "<group>";
		};
		3C641800197A336F0066A389 /* Frameworks */ = {
			isa = PBXGroup;
			children = (
				3C641801197A336F0066A389 /* Foundation.framework */,
				3C641803197A336F0066A389 /* CoreGraphics.framework */,
				3C641805197A336F0066A389 /* UIKit.framework */,
				3C64181A197A336F0066A389 /* XCTest.framework */,
			);
			name = Frameworks;
			sourceTree = "<group>";
		};
		3C641807197A336F0066A389 /* bioRhythm */ = {
			isa = PBXGroup;
			children = (
				3C641810197A336F0066A389 /* RBAppDelegate.h */,
				3C641811197A336F0066A389 /* RBAppDelegate.m */,
				3C641813197A336F0066A389 /* Images.xcassets */,
				3C641808197A336F0066A389 /* Supporting Files */,
				3C641830197A34E90066A389 /* main.storyboard */,
				3C641832197A376A0066A389 /* RBLoginViewController.h */,
				3C641833197A376A0066A389 /* RBLoginViewController.m */,
			);
			path = bioRhythm;
			sourceTree = "<group>";
		};
		3C641808197A336F0066A389 /* Supporting Files */ = {
			isa = PBXGroup;
			children = (
				3C641809197A336F0066A389 /* bioRhythm-Info.plist */,
				3C64180A197A336F0066A389 /* InfoPlist.strings */,
				3C64180D197A336F0066A389 /* main.m */,
				3C64180F197A336F0066A389 /* bioRhythm-Prefix.pch */,
			);
			name = "Supporting Files";
			sourceTree = "<group>";
		};
		3C641820197A336F0066A389 /* bioRhythmTests */ = {
			isa = PBXGroup;
			children = (
				3C641826197A336F0066A389 /* bioRhythmTests.m */,
				3C641821197A336F0066A389 /* Supporting Files */,
			);
			path = bioRhythmTests;
			sourceTree = "<group>";
		};
		3C641821197A336F0066A389 /* Supporting Files */ = {
			isa = PBXGroup;
			children = (
				3C641822197A336F0066A389 /* bioRhythmTests-Info.plist */,
				3C641823197A336F0066A389 /* InfoPlist.strings */,
			);
			name = "Supporting Files";
			sourceTree = "<group>";
		};
/* End PBXGroup section */

/* Begin PBXNativeTarget section */
		3C6417FD197A336F0066A389 /* bioRhythm */ = {
			isa = PBXNativeTarget;
			buildConfigurationList = 3C64182A197A336F0066A389 /* Build configuration list for PBXNativeTarget "bioRhythm" */;
			buildPhases = (
				3C6417FA197A336F0066A389 /* Sources */,
				3C6417FB197A336F0066A389 /* Frameworks */,
				3C6417FC197A336F0066A389 /* Resources */,
			);
			buildRules = (
			);
			dependencies = (
			);
			name = bioRhythm;
			productName = bioRhythm;
			productReference = 3C6417FE197A336F0066A389 /* bioRhythm.app */;
			productType = "com.apple.product-type.application";
		};
		3C641818197A336F0066A389 /* bioRhythmTests */ = {
			isa = PBXNativeTarget;
			buildConfigurationList = 3C64182D197A336F0066A389 /* Build configuration list for PBXNativeTarget "bioRhythmTests" */;
			buildPhases = (
				3C641815197A336F0066A389 /* Sources */,
				3C641816197A336F0066A389 /* Frameworks */,
				3C641817197A336F0066A389 /* Resources */,
			);
			buildRules = (
			);
			dependencies = (
				3C64181F197A336F0066A389 /* PBXTargetDependency */,
			);
			name = bioRhythmTests;
			productName = bioRhythmTests;
			productReference = 3C641819197A336F0066A389 /* bioRhythmTests.xctest */;
			productType = "com.apple.product-type.bundle.unit-test";
		};
/* End PBXNativeTarget section */

/* Begin PBXProject section */
		3C6417F6197A336F0066A389 /* Project object */ = {
			isa = PBXProject;
			attributes = {
				CLASSPREFIX = RB;
				LastUpgradeCheck = 0510;
				ORGANIZATIONNAME = "___FULLUSERNAME___";
				TargetAttributes = {
					3C641818197A336F0066A389 = {
						TestTargetID = 3C6417FD197A336F0066A389;
					};
				};
			};
			buildConfigurationList = 3C6417F9197A336F0066A389 /* Build configuration list for PBXProject "bioRhythm" */;
			compatibilityVersion = "Xcode 3.2";
			developmentRegion = English;
			hasScannedForEncodings = 0;
			knownRegions = (
				en,
			);
			mainGroup = 3C6417F5197A336F0066A389;
			productRefGroup = 3C6417FF197A336F0066A389 /* Products */;
			projectDirPath = "";
			projectRoot = "";
			targets = (
				3C6417FD197A336F0066A389 /* bioRhythm */,
				3C641818197A336F0066A389 /* bioRhythmTests */,
			);
		};
/* End PBXProject section */

/* Begin PBXResourcesBuildPhase section */
		3C6417FC197A336F0066A389 /* Resources */ = {
			isa = PBXResourcesBuildPhase;
			buildActionMask = 2147483647;
			files = (
				3C64180C197A336F0066A389 /* InfoPlist.strings in Resources */,
				3C641814197A336F0066A389 /* Images.xcassets in Resources */,
				3C641831197A34E90066A389 /* main.storyboard in Resources */,
			);
			runOnlyForDeploymentPostprocessing = 0;
		};
		3C641817197A336F0066A389 /* Resources */ = {
			isa = PBXResourcesBuildPhase;
			buildActionMask = 2147483647;
			files = (
				3C641825197A336F0066A389 /* InfoPlist.strings in Resources */,
			);
			runOnlyForDeploymentPostprocessing = 0;
		};
/* End PBXResourcesBuildPhase section */

/* Begin PBXSourcesBuildPhase section */
		3C6417FA197A336F0066A389 /* Sources */ = {
			isa = PBXSourcesBuildPhase;
			buildActionMask = 2147483647;
			files = (
				3C641812197A336F0066A389 /* RBAppDelegate.m in Sources */,
				3C64180E197A336F0066A389 /* main.m in Sources */,
				3C641834197A376A0066A389 /* RBLoginViewController.m in Sources */,
			);
			runOnlyForDeploymentPostprocessing = 0;
		};
		3C641815197A336F0066A389 /* Sources */ = {
			isa = PBXSourcesBuildPhase;
			buildActionMask = 2147483647;
			files = (
				3C641827197A336F0066A389 /* bioRhythmTests.m in Sources */,
			);
			runOnlyForDeploymentPostprocessing = 0;
		};
/* End PBXSourcesBuildPhase section */

/* Begin PBXTargetDependency section */
		3C64181F197A336F0066A389 /* PBXTargetDependency */ = {
			isa = PBXTargetDependency;
			target = 3C6417FD197A336F0066A389 /* bioRhythm */;
			targetProxy = 3C64181E197A336F0066A389 /* PBXContainerItemProxy */;
		};
/* End PBXTargetDependency section */

/* Begin PBXVariantGroup section */
		3C64180A197A336F0066A389 /* InfoPlist.strings */ = {
			isa = PBXVariantGroup;
			children = (
				3C64180B197A336F0066A389 /* en */,
			);
			name = InfoPlist.strings;
			sourceTree = "<group>";
		};
		3C641823197A336F0066A389 /* InfoPlist.strings */ = {
			isa = PBXVariantGroup;
			children = (
				3C641824197A336F0066A389 /* en */,
			);
			name = InfoPlist.strings;
			sourceTree = "<group>";
		};
/* End PBXVariantGroup section */

/* Begin XCBuildConfiguration section */
		3C641828197A336F0066A389 /* Debug */ = {
			isa = XCBuildConfiguration;
			buildSettings = {
				ALWAYS_SEARCH_USER_PATHS = NO;
				CLANG_CXX_LANGUAGE_STANDARD = "gnu++0x";
				CLANG_CXX_LIBRARY = "libc++";
				CLANG_ENABLE_MODULES = YES;
				CLANG_ENABLE_OBJC_ARC = YES;
				CLANG_WARN_BOOL_CONVERSION = YES;
				CLANG_WARN_CONSTANT_CONVERSION = YES;
				CLANG_WARN_DIRECT_OBJC_ISA_USAGE = YES_ERROR;
				CLANG_WARN_EMPTY_BODY = YES;
				CLANG_WARN_ENUM_CONVERSION = YES;
				CLANG_WARN_INT_CONVERSION = YES;
				CLANG_WARN_OBJC_ROOT_CLASS = YES_ERROR;
				CLANG_WARN__DUPLICATE_METHOD_MATCH = YES;
				"CODE_SIGN_IDENTITY[sdk=iphoneos*]" = "iPhone Developer";
				COPY_PHASE_STRIP = NO;
				GCC_C_LANGUAGE_STANDARD = gnu99;
				GCC_DYNAMIC_NO_PIC = NO;
				GCC_OPTIMIZATION_LEVEL = 0;
				GCC_PREPROCESSOR_DEFINITIONS = (
					"DEBUG=1",
					"$(inherited)",
				);
				GCC_SYMBOLS_PRIVATE_EXTERN = NO;
				GCC_WARN_64_TO_32_BIT_CONVERSION = YES;
				GCC_WARN_ABOUT_RETURN_TYPE = YES_ERROR;
				GCC_WARN_UNDECLARED_SELECTOR = YES;
				GCC_WARN_UNINITIALIZED_AUTOS = YES_AGGRESSIVE;
				GCC_WARN_UNUSED_FUNCTION = YES;
				GCC_WARN_UNUSED_VARIABLE = YES;
				IPHONEOS_DEPLOYMENT_TARGET = 7.1;
				ONLY_ACTIVE_ARCH = YES;
				SDKROOT = iphoneos;
			};
			name = Debug;
		};
		3C641829197A336F0066A389 /* Release */ = {
			isa = XCBuildConfiguration;
			buildSettings = {
				ALWAYS_SEARCH_USER_PATHS = NO;
				CLANG_CXX_LANGUAGE_STANDARD = "gnu++0x";
				CLANG_CXX_LIBRARY = "libc++";
				CLANG_ENABLE_MODULES = YES;
				CLANG_ENABLE_OBJC_ARC = YES;
				CLANG_WARN_BOOL_CONVERSION = YES;
				CLANG_WARN_CONSTANT_CONVERSION = YES;
				CLANG_WARN_DIRECT_OBJC_ISA_USAGE = YES_ERROR;
				CLANG_WARN_EMPTY_BODY = YES;
				CLANG_WARN_ENUM_CONVERSION = YES;
				CLANG_WARN_INT_CONVERSION = YES;
				CLANG_WARN_OBJC_ROOT_CLASS = YES_ERROR;
				CLANG_WARN__DUPLICATE_METHOD_MATCH = YES;
				"CODE_SIGN_IDENTITY[sdk=iphoneos*]" = "iPhone Developer";
				COPY_PHASE_STRIP = YES;
				ENABLE_NS_ASSERTIONS = NO;
				GCC_C_LANGUAGE_STANDARD = gnu99;
				GCC_WARN_64_TO_32_BIT_CONVERSION = YES;
				GCC_WARN_ABOUT_RETURN_TYPE = YES_ERROR;
				GCC_WARN_UNDECLARED_SELECTOR = YES;
				GCC_WARN_UNINITIALIZED_AUTOS = YES_AGGRESSIVE;
				GCC_WARN_UNUSED_FUNCTION = YES;
				GCC_WARN_UNUSED_VARIABLE = YES;
				IPHONEOS_DEPLOYMENT_TARGET = 7.1;
				SDKROOT = iphoneos;
				VALIDATE_PRODUCT = YES;
			};
			name = Release;
		};
		3C64182B197A336F0066A389 /* Debug */ = {
			isa = XCBuildConfiguration;
			buildSettings = {
				ASSETCATALOG_COMPILER_APPICON_NAME = AppIcon;
				ASSETCATALOG_COMPILER_LAUNCHIMAGE_NAME = LaunchImage;
				GCC_PRECOMPILE_PREFIX_HEADER = YES;
				GCC_PREFIX_HEADER = "bioRhythm/bioRhythm-Prefix.pch";
				INFOPLIST_FILE = "bioRhythm/bioRhythm-Info.plist";
				PRODUCT_NAME = "$(TARGET_NAME)";
				WRAPPER_EXTENSION = app;
			};
			name = Debug;
		};
		3C64182C197A336F0066A389 /* Release */ = {
			isa = XCBuildConfiguration;
			buildSettings = {
				ASSETCATALOG_COMPILER_APPICON_NAME = AppIcon;
				ASSETCATALOG_COMPILER_LAUNCHIMAGE_NAME = LaunchImage;
				GCC_PRECOMPILE_PREFIX_HEADER = YES;
				GCC_PREFIX_HEADER = "bioRhythm/bioRhythm-Prefix.pch";
				INFOPLIST_FILE = "bioRhythm/bioRhythm-Info.plist";
				PRODUCT_NAME = "$(TARGET_NAME)";
				WRAPPER_EXTENSION = app;
			};
			name = Release;
		};
		3C64182E197A336F0066A389 /* Debug */ = {
			isa = XCBuildConfiguration;
			buildSettings = {
				BUNDLE_LOADER = "$(BUILT_PRODUCTS_DIR)/bioRhythm.app/bioRhythm";
				FRAMEWORK_SEARCH_PATHS = (
					"$(SDKROOT)/Developer/Library/Frameworks",
					"$(inherited)",
					"$(DEVELOPER_FRAMEWORKS_DIR)",
				);
				GCC_PRECOMPILE_PREFIX_HEADER = YES;
				GCC_PREFIX_HEADER = "bioRhythm/bioRhythm-Prefix.pch";
				GCC_PREPROCESSOR_DEFINITIONS = (
					"DEBUG=1",
					"$(inherited)",
				);
				INFOPLIST_FILE = "bioRhythmTests/bioRhythmTests-Info.plist";
				PRODUCT_NAME = "$(TARGET_NAME)";
				TEST_HOST = "$(BUNDLE_LOADER)";
				WRAPPER_EXTENSION = xctest;
			};
			name = Debug;
		};
		3C64182F197A336F0066A389 /* Release */ = {
			isa = XCBuildConfiguration;
			buildSettings = {
				BUNDLE_LOADER = "$(BUILT_PRODUCTS_DIR)/bioRhythm.app/bioRhythm";
				FRAMEWORK_SEARCH_PATHS = (
					"$(SDKROOT)/Developer/Library/Frameworks",
					"$(inherited)",
					"$(DEVELOPER_FRAMEWORKS_DIR)",
				);
				GCC_PRECOMPILE_PREFIX_HEADER = YES;
				GCC_PREFIX_HEADER = "bioRhythm/bioRhythm-Prefix.pch";
				INFOPLIST_FILE = "bioRhythmTests/bioRhythmTests-Info.plist";
				PRODUCT_NAME = "$(TARGET_NAME)";
				TEST_HOST = "$(BUNDLE_LOADER)";
				WRAPPER_EXTENSION = xctest;
			};
			name = Release;
		};
/* End XCBuildConfiguration section */

/* Begin XCConfigurationList section */
		3C6417F9197A336F0066A389 /* Build configuration list for PBXProject "bioRhythm" */ = {
			isa = XCConfigurationList;
			buildConfigurations = (
				3C641828197A336F0066A389 /* Debug */,
				3C641829197A336F0066A389 /* Release */,
			);
			defaultConfigurationIsVisible = 0;
			defaultConfigurationName = Release;
		};
		3C64182A197A336F0066A389 /* Build configuration list for PBXNativeTarget "bioRhythm" */ = {
			isa = XCConfigurationList;
			buildConfigurations = (
				3C64182B197A336F0066A389 /* Debug */,
				3C64182C197A336F0066A389 /* Release */,
			);
			defaultConfigurationIsVisible = 0;
		};
		3C64182D197A336F0066A389 /* Build configuration list for PBXNativeTarget "bioRhythmTests" */ = {
			isa = XCConfigurationList;
			buildConfigurations = (
				3C64182E197A336F0066A389 /* Debug */,
				3C64182F197A336F0066A389 /* Release */,
			);
			defaultConfigurationIsVisible = 0;
		};
/* End XCConfigurationList section */
	};
	rootObject = 3C6417F6197A336F0066A389 /* Project object */;
}
